<?xml version="1.0" encoding="utf-8"?>
<Project ToolsVersion="4.0" xmlns="http://schemas.microsoft.com/developer/msbuild/2003">
  <ItemGroup>
    <ClCompile Include="src\ofApp.cpp">
      <Filter>src</Filter>
    </ClCompile>
    <ClCompile Include="src\main.cpp">
      <Filter>src</Filter>
    </ClCompile>
    <ClCompile Include="Model.cpp">
      <Filter>src\Source Files</Filter>
    </ClCompile>
    <ClCompile Include="ModelAnalayzer.cpp">
      <Filter>src\Source Files</Filter>
    </ClCompile>
    <ClCompile Include="Input.cpp">
      <Filter>src\Source Files</Filter>
    </ClCompile>
    <ClCompile Include="BagOfWords.cpp">
      <Filter>src\Source Files</Filter>
    </ClCompile>
  </ItemGroup>
  <ItemGroup>
    <Filter Include="src">
      <UniqueIdentifier>{d8376475-7454-4a24-b08a-aac121d3ad6f}</UniqueIdentifier>
    </Filter>
    <Filter Include="src\Header Files">
      <UniqueIdentifier>{413ee780-2606-457f-82ae-29a3d897a4f9}</UniqueIdentifier>
    </Filter>
    <Filter Include="src\External libraries">
      <UniqueIdentifier>{eb6c7183-55b7-488b-b1d9-41bbcf9cf50b}</UniqueIdentifier>
    </Filter>
    <Filter Include="src\Source Files">
      <UniqueIdentifier>{c1936ae1-dad1-4c31-bae7-b19821c0e1a8}</UniqueIdentifier>
    </Filter>
  </ItemGroup>
  <ItemGroup>
    <ClInclude Include="src\ofApp.h">
      <Filter>src</Filter>
    </ClInclude>
    <ClInclude Include="BagOfWords.h">
      <Filter>src\Header Files</Filter>
    </ClInclude>
    <ClInclude Include="Input.h">
      <Filter>src\Header Files</Filter>
    </ClInclude>
    <ClInclude Include="Model.h">
      <Filter>src\Header Files</Filter>
    </ClInclude>
    <ClInclude Include="ModelAnalyzer.h">
      <Filter>src\Header Files</Filter>
    </ClInclude>
    <ClInclude Include="parser.hpp">
      <Filter>src\External libraries</Filter>
    </ClInclude>
  </ItemGroup>
  <ItemGroup>
    <ResourceCompile Include="icon.rc" />
  </ItemGroup>
</Project>